{
  "lockfileVersion": 1,
  "configVersion": 1,
  "workspaces": {
    "": {
      "name": "@phreshos/client",
      "devDependencies": {
        "@phreshos/core": "^0.1.2",
        "typescript": "^6.0.3",
      },
      "peerDependencies": {
        "@phreshos/core": "^0.1.2",
      },
    },
  },
  "packages": {
    "@phreshos/core": ["@phreshos/core@0.1.2", "", {}, "sha512-MfgtXcdZxj4h6xM74w40s7rihOmJZJe9Ht6kON2HrjDDmIhOmYE5wZq5s3I0YJXcXYjhbLipIDm9YJL9bXLo0A=="],

    "typescript": ["typescript@6.0.3", "", { "bin": { "tsc": "bin/tsc", "tsserver": "bin/tsserver" } }, "sha512-y2TvuxSZPDyQakkFRPZHKFm+KKVqIisdg9/CZwm9ftvKXLP8NRWj38/ODjNbr43SsoXqNuAisEf1GdCxqWcdBw=="],
  }
}
