{
  "lockfileVersion": 1,
  "configVersion": 1,
  "workspaces": {
    "": {
      "name": "@phreshos/client",
      "dependencies": {
        "@msgpack/msgpack": "^3.1.3",
      },
      "devDependencies": {
        "@phreshos/core": "^0.1.17",
        "typescript": "^6.0.3",
      },
      "peerDependencies": {
        "@phreshos/core": "^0.1.17",
      },
    },
  },
  "packages": {
    "@msgpack/msgpack": ["@msgpack/msgpack@3.1.3", "", {}, "sha512-47XIizs9XZXvuJgoaJUIE2lFoID8ugvc0jzSHP+Ptfk8nTbnR8g788wv48N03Kx0UkAv559HWRQ3yzOgzlRNUA=="],

    "@phreshos/core": ["@phreshos/core@0.1.17", "", {}, "sha512-QZQ7Vq1DuuaylJh0kNeIRY7wsnR6aBLxN90RWsPS57Ecs3dU0k6P9zwfR90ZxTKk4EOZ3lzrmZn96oE5Jl9tZw=="],

    "typescript": ["typescript@6.0.3", "", { "bin": { "tsc": "bin/tsc", "tsserver": "bin/tsserver" } }, "sha512-y2TvuxSZPDyQakkFRPZHKFm+KKVqIisdg9/CZwm9ftvKXLP8NRWj38/ODjNbr43SsoXqNuAisEf1GdCxqWcdBw=="],
  }
}
